
Microsoft Visual Studio Solution File, Format Version 11.00
# Visual Studio 2010
Project("{FAE04EC0-301F-11D3-BF4B-00C04F79EFBC}") = "ApacheLogService.Charting", "ApacheLogService.Charting\ApacheLogService.Charting.csproj", "{1E7D545F-BE3A-4A3E-B7C8-E529D31424AB}"
EndProject
Project("{FAE04EC0-301F-11D3-BF4B-00C04F79EFBC}") = "ApacheLogService.DAL", "ApacheLogService.DAL\ApacheLogService.DAL.csproj", "{AAACBBDA-C932-4CAC-8BE0-31147DF94092}"
EndProject
Project("{FAE04EC0-301F-11D3-BF4B-00C04F79EFBC}") = "ApacheLogService.Service", "ApacheLogService.Service\ApacheLogService.Service.csproj", "{3B962264-8850-46B9-810F-4F096189CC12}"
EndProject
Project("{FAE04EC0-301F-11D3-BF4B-00C04F79EFBC}") = "ApacheLogService.Starter", "ApacheLogService.Starter\ApacheLogService.Starter.csproj", "{FF67123D-7052-4363-9BB2-1CE86889F487}"
EndProject
Global
	GlobalSection(SolutionConfigurationPlatforms) = preSolution
		Debug|Any CPU = Debug|Any CPU
		Debug|Mixed Platforms = Debug|Mixed Platforms
		Debug|x86 = Debug|x86
		Release|Any CPU = Release|Any CPU
		Release|Mixed Platforms = Release|Mixed Platforms
		Release|x86 = Release|x86
	EndGlobalSection
	GlobalSection(ProjectConfigurationPlatforms) = postSolution
		{1E7D545F-BE3A-4A3E-B7C8-E529D31424AB}.Debug|Any CPU.ActiveCfg = Debug|x86
		{1E7D545F-BE3A-4A3E-B7C8-E529D31424AB}.Debug|Mixed Platforms.ActiveCfg = Debug|x86
		{1E7D545F-BE3A-4A3E-B7C8-E529D31424AB}.Debug|Mixed Platforms.Build.0 = Debug|x86
		{1E7D545F-BE3A-4A3E-B7C8-E529D31424AB}.Debug|x86.ActiveCfg = Debug|x86
		{1E7D545F-BE3A-4A3E-B7C8-E529D31424AB}.Debug|x86.Build.0 = Debug|x86
		{1E7D545F-BE3A-4A3E-B7C8-E529D31424AB}.Release|Any CPU.ActiveCfg = Release|x86
		{1E7D545F-BE3A-4A3E-B7C8-E529D31424AB}.Release|Mixed Platforms.ActiveCfg = Release|x86
		{1E7D545F-BE3A-4A3E-B7C8-E529D31424AB}.Release|Mixed Platforms.Build.0 = Release|x86
		{1E7D545F-BE3A-4A3E-B7C8-E529D31424AB}.Release|x86.ActiveCfg = Release|x86
		{1E7D545F-BE3A-4A3E-B7C8-E529D31424AB}.Release|x86.Build.0 = Release|x86
		{AAACBBDA-C932-4CAC-8BE0-31147DF94092}.Debug|Any CPU.ActiveCfg = Debug|x86
		{AAACBBDA-C932-4CAC-8BE0-31147DF94092}.Debug|Mixed Platforms.ActiveCfg = Debug|x86
		{AAACBBDA-C932-4CAC-8BE0-31147DF94092}.Debug|Mixed Platforms.Build.0 = Debug|x86
		{AAACBBDA-C932-4CAC-8BE0-31147DF94092}.Debug|x86.ActiveCfg = Debug|x86
		{AAACBBDA-C932-4CAC-8BE0-31147DF94092}.Debug|x86.Build.0 = Debug|x86
		{AAACBBDA-C932-4CAC-8BE0-31147DF94092}.Release|Any CPU.ActiveCfg = Release|x86
		{AAACBBDA-C932-4CAC-8BE0-31147DF94092}.Release|Mixed Platforms.ActiveCfg = Release|x86
		{AAACBBDA-C932-4CAC-8BE0-31147DF94092}.Release|Mixed Platforms.Build.0 = Release|x86
		{AAACBBDA-C932-4CAC-8BE0-31147DF94092}.Release|x86.ActiveCfg = Release|x86
		{AAACBBDA-C932-4CAC-8BE0-31147DF94092}.Release|x86.Build.0 = Release|x86
		{3B962264-8850-46B9-810F-4F096189CC12}.Debug|Any CPU.ActiveCfg = Debug|Any CPU
		{3B962264-8850-46B9-810F-4F096189CC12}.Debug|Any CPU.Build.0 = Debug|Any CPU
		{3B962264-8850-46B9-810F-4F096189CC12}.Debug|Mixed Platforms.ActiveCfg = Debug|Any CPU
		{3B962264-8850-46B9-810F-4F096189CC12}.Debug|Mixed Platforms.Build.0 = Debug|Any CPU
		{3B962264-8850-46B9-810F-4F096189CC12}.Debug|x86.ActiveCfg = Debug|Any CPU
		{3B962264-8850-46B9-810F-4F096189CC12}.Release|Any CPU.ActiveCfg = Release|Any CPU
		{3B962264-8850-46B9-810F-4F096189CC12}.Release|Any CPU.Build.0 = Release|Any CPU
		{3B962264-8850-46B9-810F-4F096189CC12}.Release|Mixed Platforms.ActiveCfg = Release|Any CPU
		{3B962264-8850-46B9-810F-4F096189CC12}.Release|Mixed Platforms.Build.0 = Release|Any CPU
		{3B962264-8850-46B9-810F-4F096189CC12}.Release|x86.ActiveCfg = Release|Any CPU
		{FF67123D-7052-4363-9BB2-1CE86889F487}.Debug|Any CPU.ActiveCfg = Debug|x86
		{FF67123D-7052-4363-9BB2-1CE86889F487}.Debug|Mixed Platforms.ActiveCfg = Debug|x86
		{FF67123D-7052-4363-9BB2-1CE86889F487}.Debug|Mixed Platforms.Build.0 = Debug|x86
		{FF67123D-7052-4363-9BB2-1CE86889F487}.Debug|x86.ActiveCfg = Debug|x86
		{FF67123D-7052-4363-9BB2-1CE86889F487}.Debug|x86.Build.0 = Debug|x86
		{FF67123D-7052-4363-9BB2-1CE86889F487}.Release|Any CPU.ActiveCfg = Release|x86
		{FF67123D-7052-4363-9BB2-1CE86889F487}.Release|Mixed Platforms.ActiveCfg = Release|x86
		{FF67123D-7052-4363-9BB2-1CE86889F487}.Release|Mixed Platforms.Build.0 = Release|x86
		{FF67123D-7052-4363-9BB2-1CE86889F487}.Release|x86.ActiveCfg = Release|x86
		{FF67123D-7052-4363-9BB2-1CE86889F487}.Release|x86.Build.0 = Release|x86
	EndGlobalSection
	GlobalSection(SolutionProperties) = preSolution
		HideSolutionNode = FALSE
	EndGlobalSection
EndGlobal
